
Microsoft Visual Studio Solution File, Format Version 12.00
# Visual Studio 14
VisualStudioVersion = 14.0.23107.0
MinimumVisualStudioVersion = 10.0.40219.1
Project("{FAE04EC0-301F-11D3-BF4B-00C04F79EFBC}") = "Aviation", "Aviation\Aviation.csproj", "{A318A8F5-EA34-42EF-8657-3B9C0EB60B8E}"
EndProject
Project("{FAE04EC0-301F-11D3-BF4B-00C04F79EFBC}") = "AviaUnitTest", "AviaUnitTest\AviaUnitTest.csproj", "{FB5AAA96-9029-41EF-B1DA-60322A7D2651}"
EndProject
Project("{FAE04EC0-301F-11D3-BF4B-00C04F79EFBC}") = "AviationExtentions", "AviationExtentions\AviationExtentions\AviationExtentions.csproj", "{102191A3-FE94-44C4-BF0D-AEBAF0753487}"
EndProject
Global
	GlobalSection(SolutionConfigurationPlatforms) = preSolution
		Debug|Any CPU = Debug|Any CPU
		Release|Any CPU = Release|Any CPU
	EndGlobalSection
	GlobalSection(ProjectConfigurationPlatforms) = postSolution
		{A318A8F5-EA34-42EF-8657-3B9C0EB60B8E}.Debug|Any CPU.ActiveCfg = Debug|Any CPU
		{A318A8F5-EA34-42EF-8657-3B9C0EB60B8E}.Debug|Any CPU.Build.0 = Debug|Any CPU
		{A318A8F5-EA34-42EF-8657-3B9C0EB60B8E}.Release|Any CPU.ActiveCfg = Release|Any CPU
		{A318A8F5-EA34-42EF-8657-3B9C0EB60B8E}.Release|Any CPU.Build.0 = Release|Any CPU
		{FB5AAA96-9029-41EF-B1DA-60322A7D2651}.Debug|Any CPU.ActiveCfg = Debug|Any CPU
		{FB5AAA96-9029-41EF-B1DA-60322A7D2651}.Debug|Any CPU.Build.0 = Debug|Any CPU
		{FB5AAA96-9029-41EF-B1DA-60322A7D2651}.Release|Any CPU.ActiveCfg = Release|Any CPU
		{FB5AAA96-9029-41EF-B1DA-60322A7D2651}.Release|Any CPU.Build.0 = Release|Any CPU
		{102191A3-FE94-44C4-BF0D-AEBAF0753487}.Debug|Any CPU.ActiveCfg = Debug|Any CPU
		{102191A3-FE94-44C4-BF0D-AEBAF0753487}.Debug|Any CPU.Build.0 = Debug|Any CPU
		{102191A3-FE94-44C4-BF0D-AEBAF0753487}.Release|Any CPU.ActiveCfg = Release|Any CPU
		{102191A3-FE94-44C4-BF0D-AEBAF0753487}.Release|Any CPU.Build.0 = Release|Any CPU
	EndGlobalSection
	GlobalSection(SolutionProperties) = preSolution
		HideSolutionNode = FALSE
	EndGlobalSection
EndGlobal
